{
  "name": "Exam Site",
  "lockfileVersion": 3,
  "requires": true,
  "packages": {
    "": {
      "dependencies": {
        "@cloudinary/url-gen": "^1.14.0",
        "bootstrap-icons": "^1.11.2"
      }
    },
    "node_modules/@cloudinary/transformation-builder-sdk": {
      "version": "1.9.0",
      "resolved": "https://registry.npmjs.org/@cloudinary/transformation-builder-sdk/-/transformation-builder-sdk-1.9.0.tgz",
      "integrity": "sha512-19ZV3r2dE2mYMZTN/ytP7p7hmqiD7PC6EoWdQwJByabN4JXtNwgotElHYC509/eD7j5xJajghgHiIXTonrgMhQ==",
      "dependencies": {
        "@cloudinary/url-gen": "^1.7.0"
      }
    },
    "node_modules/@cloudinary/url-gen": {
      "version": "1.14.0",
      "resolved": "https://registry.npmjs.org/@cloudinary/url-gen/-/url-gen-1.14.0.tgz",
      "integrity": "sha512-XbG8QgD5fkTUO/YYUWftfz3sUpKzRZJkXhp6xLSxmK/36iyMy2wA4SF5FLCOnv6fLLUneQzXbc4OAwaDM0EWCQ==",
      "dependencies": {
        "@cloudinary/transformation-builder-sdk": "^1.9.0"
      }
    },
    "node_modules/bootstrap-icons": {
      "version": "1.11.2",
      "resolved": "https://registry.npmjs.org/bootstrap-icons/-/bootstrap-icons-1.11.2.tgz",
      "integrity": "sha512-TgdiPv+IM9tgDb+dsxrnGIyocsk85d2M7T0qIgkvPedZeoZfyeG/j+yiAE4uHCEayKef2RP05ahQ0/e9Sv75Wg==",
      "funding": [
        {
          "type": "github",
          "url": "https://github.com/sponsors/twbs"
        },
        {
          "type": "opencollective",
          "url": "https://opencollective.com/bootstrap"
        }
      ]
    }
  }
}
